
Microsoft Visual Studio Solution File, Format Version 12.00
# Visual Studio Version 17
VisualStudioVersion = 17.7.34221.43
MinimumVisualStudioVersion = 10.0.40219.1
Project("{9A19103F-16F7-4668-BE54-9A1E7A4F7556}") = "ECom.Api.Products", "ECom.Api.Products\ECom.Api.Products.csproj", "{E8BF4EEB-81BB-43EF-A05C-29A3F882CCAF}"
EndProject
Project("{9A19103F-16F7-4668-BE54-9A1E7A4F7556}") = "ECom.Api.Customers", "ECom.Api.Customers\ECom.Api.Customers.csproj", "{C50BD211-BAC2-4475-9AA6-9E081FD571C8}"
EndProject
Project("{9A19103F-16F7-4668-BE54-9A1E7A4F7556}") = "ECom.Api.Orders", "ECom.Api.Orders\ECom.Api.Orders.csproj", "{92962E09-262F-4626-9D97-3A28FA775769}"
EndProject
Project("{9A19103F-16F7-4668-BE54-9A1E7A4F7556}") = "ECom.Api.Search", "ECom.Api.Search\ECom.Api.Search.csproj", "{15457F6F-E82B-4655-A8B8-F5FB1790A4B7}"
EndProject
Project("{9A19103F-16F7-4668-BE54-9A1E7A4F7556}") = "ECom.Api.Products.Tests", "ECom.Api.Products.Tests\ECom.Api.Products.Tests.csproj", "{B57B846A-CEBB-4AE5-9B5B-8E60348C7342}"
EndProject
Project("{E53339B2-1760-4266-BCC7-CA923CBCF16C}") = "docker-compose", "docker-compose.dcproj", "{B82CE310-FCE4-4C71-BED0-FA56D8B07DD0}"
EndProject
Global
	GlobalSection(SolutionConfigurationPlatforms) = preSolution
		Debug|Any CPU = Debug|Any CPU
		Release|Any CPU = Release|Any CPU
	EndGlobalSection
	GlobalSection(ProjectConfigurationPlatforms) = postSolution
		{E8BF4EEB-81BB-43EF-A05C-29A3F882CCAF}.Debug|Any CPU.ActiveCfg = Debug|Any CPU
		{E8BF4EEB-81BB-43EF-A05C-29A3F882CCAF}.Debug|Any CPU.Build.0 = Debug|Any CPU
		{E8BF4EEB-81BB-43EF-A05C-29A3F882CCAF}.Release|Any CPU.ActiveCfg = Release|Any CPU
		{E8BF4EEB-81BB-43EF-A05C-29A3F882CCAF}.Release|Any CPU.Build.0 = Release|Any CPU
		{C50BD211-BAC2-4475-9AA6-9E081FD571C8}.Debug|Any CPU.ActiveCfg = Debug|Any CPU
		{C50BD211-BAC2-4475-9AA6-9E081FD571C8}.Debug|Any CPU.Build.0 = Debug|Any CPU
		{C50BD211-BAC2-4475-9AA6-9E081FD571C8}.Release|Any CPU.ActiveCfg = Release|Any CPU
		{C50BD211-BAC2-4475-9AA6-9E081FD571C8}.Release|Any CPU.Build.0 = Release|Any CPU
		{92962E09-262F-4626-9D97-3A28FA775769}.Debug|Any CPU.ActiveCfg = Debug|Any CPU
		{92962E09-262F-4626-9D97-3A28FA775769}.Debug|Any CPU.Build.0 = Debug|Any CPU
		{92962E09-262F-4626-9D97-3A28FA775769}.Release|Any CPU.ActiveCfg = Release|Any CPU
		{92962E09-262F-4626-9D97-3A28FA775769}.Release|Any CPU.Build.0 = Release|Any CPU
		{15457F6F-E82B-4655-A8B8-F5FB1790A4B7}.Debug|Any CPU.ActiveCfg = Debug|Any CPU
		{15457F6F-E82B-4655-A8B8-F5FB1790A4B7}.Debug|Any CPU.Build.0 = Debug|Any CPU
		{15457F6F-E82B-4655-A8B8-F5FB1790A4B7}.Release|Any CPU.ActiveCfg = Release|Any CPU
		{15457F6F-E82B-4655-A8B8-F5FB1790A4B7}.Release|Any CPU.Build.0 = Release|Any CPU
		{B57B846A-CEBB-4AE5-9B5B-8E60348C7342}.Debug|Any CPU.ActiveCfg = Debug|Any CPU
		{B57B846A-CEBB-4AE5-9B5B-8E60348C7342}.Debug|Any CPU.Build.0 = Debug|Any CPU
		{B57B846A-CEBB-4AE5-9B5B-8E60348C7342}.Release|Any CPU.ActiveCfg = Release|Any CPU
		{B57B846A-CEBB-4AE5-9B5B-8E60348C7342}.Release|Any CPU.Build.0 = Release|Any CPU
		{B82CE310-FCE4-4C71-BED0-FA56D8B07DD0}.Debug|Any CPU.ActiveCfg = Debug|Any CPU
		{B82CE310-FCE4-4C71-BED0-FA56D8B07DD0}.Debug|Any CPU.Build.0 = Debug|Any CPU
		{B82CE310-FCE4-4C71-BED0-FA56D8B07DD0}.Release|Any CPU.ActiveCfg = Release|Any CPU
		{B82CE310-FCE4-4C71-BED0-FA56D8B07DD0}.Release|Any CPU.Build.0 = Release|Any CPU
	EndGlobalSection
	GlobalSection(SolutionProperties) = preSolution
		HideSolutionNode = FALSE
	EndGlobalSection
	GlobalSection(ExtensibilityGlobals) = postSolution
		SolutionGuid = {66FD75B1-9576-4BB4-8D9D-FD9CD806D55D}
	EndGlobalSection
EndGlobal
